Microsoft Visual Studio Solution File, Format Version 11.00
# Visual Studio 2008

Project("{98F44448-8AFC-DE05-A307-CE2814E93159}") = "wondering cooks", "Assembly-CSharp.csproj", "{43FE1B3C-B2E6-5CB8-92E4-8841B259C789}"
EndProject
Global
	GlobalSection(SolutionConfigurationPlatforms) = preSolution
		Debug|Any CPU = Debug|Any CPU
		Release|Any CPU = Release|Any CPU
	EndGlobalSection
	GlobalSection(ProjectConfigurationPlatforms) = postSolution
		{43FE1B3C-B2E6-5CB8-92E4-8841B259C789}.Debug|Any CPU.ActiveCfg = Debug|Any CPU
		{43FE1B3C-B2E6-5CB8-92E4-8841B259C789}.Debug|Any CPU.Build.0 = Debug|Any CPU
		{43FE1B3C-B2E6-5CB8-92E4-8841B259C789}.Release|Any CPU.ActiveCfg = Release|Any CPU
		{43FE1B3C-B2E6-5CB8-92E4-8841B259C789}.Release|Any CPU.Build.0 = Release|Any CPU
	EndGlobalSection
	GlobalSection(SolutionProperties) = preSolution
		HideSolutionNode = FALSE
	EndGlobalSection
	GlobalSection(MonoDevelopProperties) = preSolution
		Policies = $0
		$0.TextStylePolicy = $1
		$1.FileWidth = 120
		$1.TabsToSpaces = False
		$1.EolMarker = Windows
		$1.inheritsSet = VisualStudio
		$1.inheritsScope = text/plain
		$1.scope = text/x-csharp
		$0.CSharpFormattingPolicy = $2
		$2.AfterDelegateDeclarationParameterComma = True
		$2.inheritsSet = Mono
		$2.inheritsScope = text/x-csharp
		$2.scope = text/x-csharp
	EndGlobalSection
EndGlobal
